
Microsoft Visual Studio Solution File, Format Version 12.00
# Visual Studio Version 17
VisualStudioVersion = 17.0.31903.59
MinimumVisualStudioVersion = 10.0.40219.1
Project("{2150E333-8FDC-42A3-9474-1A3956D46DE8}") = "CreationalDesignPatterns", "CreationalDesignPatterns", "{54EB3ECF-9EC6-4C2A-853A-7D1C4976EC5E}"
EndProject
Project("{FAE04EC0-301F-11D3-BF4B-00C04F79EFBC}") = "FactoryDesignPattern", "CreationalDesignPatterns\FactoryDesignPattern\FactoryDesignPattern.csproj", "{E062C3E1-6C37-4E3E-9FEB-105549CBA811}"
EndProject
Project("{FAE04EC0-301F-11D3-BF4B-00C04F79EFBC}") = "AbstractFactoryDesignPattern", "CreationalDesignPatterns\AbstractFactoryDesignPattern\AbstractFactoryDesignPattern.csproj", "{F8725A5B-6B9D-4E84-8892-1C108600BAA6}"
EndProject
Project("{FAE04EC0-301F-11D3-BF4B-00C04F79EFBC}") = "BuilderDesignPattern", "CreationalDesignPatterns\BuilderDesignPattern\BuilderDesignPattern.csproj", "{3E15DB01-DE09-4773-AF85-9E3F855FF5A6}"
EndProject
Project("{FAE04EC0-301F-11D3-BF4B-00C04F79EFBC}") = "SingletonDesignPattern", "CreationalDesignPatterns\SingletonDesignPattern\SingletonDesignPattern.csproj", "{33A27BE8-D8D6-4A06-878D-3A4A9068DD1E}"
EndProject
Global
	GlobalSection(SolutionConfigurationPlatforms) = preSolution
		Debug|Any CPU = Debug|Any CPU
		Release|Any CPU = Release|Any CPU
	EndGlobalSection
	GlobalSection(SolutionProperties) = preSolution
		HideSolutionNode = FALSE
	EndGlobalSection
	GlobalSection(ProjectConfigurationPlatforms) = postSolution
		{CC5E8C16-7DF8-4ED1-BFB3-B69DF80E597C}.Debug|Any CPU.ActiveCfg = Debug|Any CPU
		{CC5E8C16-7DF8-4ED1-BFB3-B69DF80E597C}.Debug|Any CPU.Build.0 = Debug|Any CPU
		{CC5E8C16-7DF8-4ED1-BFB3-B69DF80E597C}.Release|Any CPU.ActiveCfg = Release|Any CPU
		{CC5E8C16-7DF8-4ED1-BFB3-B69DF80E597C}.Release|Any CPU.Build.0 = Release|Any CPU
		{E062C3E1-6C37-4E3E-9FEB-105549CBA811}.Debug|Any CPU.ActiveCfg = Debug|Any CPU
		{E062C3E1-6C37-4E3E-9FEB-105549CBA811}.Debug|Any CPU.Build.0 = Debug|Any CPU
		{E062C3E1-6C37-4E3E-9FEB-105549CBA811}.Release|Any CPU.ActiveCfg = Release|Any CPU
		{E062C3E1-6C37-4E3E-9FEB-105549CBA811}.Release|Any CPU.Build.0 = Release|Any CPU
		{F8725A5B-6B9D-4E84-8892-1C108600BAA6}.Debug|Any CPU.ActiveCfg = Debug|Any CPU
		{F8725A5B-6B9D-4E84-8892-1C108600BAA6}.Debug|Any CPU.Build.0 = Debug|Any CPU
		{F8725A5B-6B9D-4E84-8892-1C108600BAA6}.Release|Any CPU.ActiveCfg = Release|Any CPU
		{F8725A5B-6B9D-4E84-8892-1C108600BAA6}.Release|Any CPU.Build.0 = Release|Any CPU
		{3E15DB01-DE09-4773-AF85-9E3F855FF5A6}.Debug|Any CPU.ActiveCfg = Debug|Any CPU
		{3E15DB01-DE09-4773-AF85-9E3F855FF5A6}.Debug|Any CPU.Build.0 = Debug|Any CPU
		{3E15DB01-DE09-4773-AF85-9E3F855FF5A6}.Release|Any CPU.ActiveCfg = Release|Any CPU
		{3E15DB01-DE09-4773-AF85-9E3F855FF5A6}.Release|Any CPU.Build.0 = Release|Any CPU
		{33A27BE8-D8D6-4A06-878D-3A4A9068DD1E}.Debug|Any CPU.ActiveCfg = Debug|Any CPU
		{33A27BE8-D8D6-4A06-878D-3A4A9068DD1E}.Debug|Any CPU.Build.0 = Debug|Any CPU
		{33A27BE8-D8D6-4A06-878D-3A4A9068DD1E}.Release|Any CPU.ActiveCfg = Release|Any CPU
		{33A27BE8-D8D6-4A06-878D-3A4A9068DD1E}.Release|Any CPU.Build.0 = Release|Any CPU
	EndGlobalSection
	GlobalSection(NestedProjects) = preSolution
		{E062C3E1-6C37-4E3E-9FEB-105549CBA811} = {54EB3ECF-9EC6-4C2A-853A-7D1C4976EC5E}
		{F8725A5B-6B9D-4E84-8892-1C108600BAA6} = {54EB3ECF-9EC6-4C2A-853A-7D1C4976EC5E}
		{3E15DB01-DE09-4773-AF85-9E3F855FF5A6} = {54EB3ECF-9EC6-4C2A-853A-7D1C4976EC5E}
		{33A27BE8-D8D6-4A06-878D-3A4A9068DD1E} = {54EB3ECF-9EC6-4C2A-853A-7D1C4976EC5E}
	EndGlobalSection
EndGlobal
